// !$*UTF8*$!
{
	archiveVersion = 1;
	classes = {
	};
	objectVersion = 55;
	objects = {

/* Begin PBXBuildFile section */
		AA1000012C8D000100000001 /* SamposhiFarmApp.swift in Sources */ = {isa = PBXBuildFile; fileRef = AA1000022C8D000100000001 /* SamposhiFarmApp.swift */; };
		AA1000032C8D000100000001 /* ContentView.swift in Sources */ = {isa = PBXBuildFile; fileRef = AA1000042C8D000100000001 /* ContentView.swift */; };
		AA1000052C8D000100000001 /* Assets.xcassets in Resources */ = {isa = PBXBuildFile; fileRef = AA1000062C8D000100000001 /* Assets.xcassets */; };
		AA1000072C8D000100000001 /* www in Resources */ = {isa = PBXBuildFile; fileRef = AA1000082C8D000100000001 /* www */; };
/* End PBXBuildFile section */

/* Begin PBXFileReference section */
		AA1000092C8D000100000001 /* SamposhiFarm.app */ = {isa = PBXFileReference; explicitFileType = wrapper.application; includeInIndex = 0; path = SamposhiFarm.app; sourceTree = BUILT_PRODUCTS_DIR; };
		AA1000022C8D000100000001 /* SamposhiFarmApp.swift */ = {isa = PBXFileReference; lastKnownFileType = sourcecode.swift; path = SamposhiFarmApp.swift; sourceTree = "<group>"; };
		AA1000042C8D000100000001 /* ContentView.swift */ = {isa = PBXFileReference; lastKnownFileType = sourcecode.swift; path = ContentView.swift; sourceTree = "<group>"; };
		AA1000062C8D000100000001 /* Assets.xcassets */ = {isa = PBXFileReference; lastKnownFileType = folder.assetcatalog; path = Assets.xcassets; sourceTree = "<group>"; };
		AA1000082C8D000100000001 /* www */ = {isa = PBXFileReference; lastKnownFileType = folder; path = www; sourceTree = "<group>"; };
		AA10000A2C8D000100000001 /* Info.plist */ = {isa = PBXFileReference; lastKnownFileType = text.plist.xml; path = Info.plist; sourceTree = "<group>"; };
/* End PBXFileReference section */

/* Begin PBXFrameworksBuildPhase section */
		AA10000B2C8D000100000001 /* Frameworks */ = {
			isa = PBXFrameworksBuildPhase;
			buildActionMask = 2147483647;
			files = (
			);
			runOnlyForDeploymentPostprocessing = 0;
		};
/* End PBXFrameworksBuildPhase section */

/* Begin PBXGroup section */
		AA10000C2C8D000100000001 = {
			isa = PBXGroup;
			children = (
				AA10000D2C8D000100000001 /* SamposhiFarm */,
				AA10000E2C8D000100000001 /* Products */,
			);
			sourceTree = "<group>";
		};
		AA10000D2C8D000100000001 /* SamposhiFarm */ = {
			isa = PBXGroup;
			children = (
				AA1000022C8D000100000001 /* SamposhiFarmApp.swift */,
				AA1000042C8D000100000001 /* ContentView.swift */,
				AA1000062C8D000100000001 /* Assets.xcassets */,
				AA1000082C8D000100000001 /* www */,
				AA10000A2C8D000100000001 /* Info.plist */,
			);
			path = SamposhiFarm;
			sourceTree = "<group>";
		};
		AA10000E2C8D000100000001 /* Products */ = {
			isa = PBXGroup;
			children = (
				AA1000092C8D000100000001 /* SamposhiFarm.app */,
			);
			name = Products;
			sourceTree = "<group>";
		};
/* End PBXGroup section */

/* Begin PBXNativeTarget section */
		AA10000F2C8D000100000001 /* SamposhiFarm */ = {
			isa = PBXNativeTarget;
			buildConfigurationList = AA1000102C8D000100000001 /* Build configuration list for PBXNativeTarget "SamposhiFarm" */;
			buildPhases = (
				AA1000112C8D000100000001 /* Sources */,
				AA10000B2C8D000100000001 /* Frameworks */,
				AA1000122C8D000100000001 /* Resources */,
			);
			buildRules = (
			);
			dependencies = (
			);
			name = SamposhiFarm;
			productName = SamposhiFarm;
			productReference = AA1000092C8D000100000001 /* SamposhiFarm.app */;
			productType = "com.apple.product-type.application";
		};
/* End PBXNativeTarget section */

/* Begin PBXProject section */
		AA1000132C8D000100000001 /* Project object */ = {
			isa = PBXProject;
			attributes = {
				BuildIndependentTargetsInParallel = 1;
				LastSwiftUpdateCheck = 1500;
				LastUpgradeCheck = 1500;
				TargetAttributes = {
					AA10000F2C8D000100000001 = {
						CreatedOnToolsVersion = 15.0;
					};
				};
			};
			buildConfigurationList = AA1000142C8D000100000001 /* Build configuration list for PBXProject "SamposhiFarm" */;
			compatibilityVersion = "Xcode 14.0";
			developmentRegion = en;
			hasScannedForEncodings = 0;
			knownRegions = (
				en,
				Base,
			);
			mainGroup = AA10000C2C8D000100000001;
			productRefGroup = AA10000E2C8D000100000001 /* Products */;
			projectDirPath = "";
			projectRoot = "";
			targets = (
				AA10000F2C8D000100000001 /* SamposhiFarm */,
			);
		};
/* End PBXProject section */

/* Begin PBXResourcesBuildPhase section */
		AA1000122C8D000100000001 /* Resources */ = {
			isa = PBXResourcesBuildPhase;
			buildActionMask = 2147483647;
			files = (
				AA1000052C8D000100000001 /* Assets.xcassets in Resources */,
				AA1000072C8D000100000001 /* www in Resources */,
			);
			runOnlyForDeploymentPostprocessing = 0;
		};
/* End PBXResourcesBuildPhase section */

/* Begin PBXSourcesBuildPhase section */
		AA1000112C8D000100000001 /* Sources */ = {
			isa = PBXSourcesBuildPhase;
			buildActionMask = 2147483647;
			files = (
				AA1000012C8D000100000001 /* SamposhiFarmApp.swift in Sources */,
				AA1000032C8D000100000001 /* ContentView.swift in Sources */,
			);
			runOnlyForDeploymentPostprocessing = 0;
		};
/* End PBXSourcesBuildPhase section */

/* Begin XCBuildConfiguration section */
		AA1000152C8D000100000001 /* Debug */ = {
			isa = XCBuildConfiguration;
			buildSettings = {
				ALWAYS_SEARCH_USER_PATHS = NO;
				CLANG_ANALYZER_NONNULL = YES;
				CLANG_CXX_LANGUAGE_STANDARD = "gnu++20";
				CLANG_ENABLE_MODULES = YES;
				CLANG_ENABLE_OBJC_ARC = YES;
				ENABLE_STRICT_OBJC_MSGSEND = YES;
				ENABLE_TESTABILITY = YES;
				GCC_DYNAMIC_NO_PIC = NO;
				GCC_OPTIMIZATION_LEVEL = 0;
				GCC_PREPROCESSOR_DEFINITIONS = (
					"DEBUG=1",
					"$(inherited)",
				);
				IPHONEOS_DEPLOYMENT_TARGET = 15.0;
				MTL_ENABLE_DEBUG_INFO = INCLUDE_SOURCE;
				ONLY_ACTIVE_ARCH = YES;
				SDKROOT = iphoneos;
				SWIFT_ACTIVE_COMPILATION_CONDITIONS = DEBUG;
				SWIFT_OPTIMIZATION_LEVEL = "-Onone";
			};
			name = Debug;
		};
		AA1000162C8D000100000001 /* Release */ = {
			isa = XCBuildConfiguration;
			buildSettings = {
				ALWAYS_SEARCH_USER_PATHS = NO;
				CLANG_ANALYZER_NONNULL = YES;
				CLANG_CXX_LANGUAGE_STANDARD = "gnu++20";
				CLANG_ENABLE_MODULES = YES;
				CLANG_ENABLE_OBJC_ARC = YES;
				ENABLE_NS_ASSERTIONS = NO;
				ENABLE_STRICT_OBJC_MSGSEND = YES;
				GCC_OPTIMIZATION_LEVEL = s;
				IPHONEOS_DEPLOYMENT_TARGET = 15.0;
				MTL_ENABLE_DEBUG_INFO = NO;
				SDKROOT = iphoneos;
				SWIFT_COMPILATION_MODE = wholemodule;
				SWIFT_OPTIMIZATION_LEVEL = "-O";
				VALIDATE_PRODUCT = YES;
			};
			name = Release;
		};
		AA1000172C8D000100000001 /* Debug */ = {
			isa = XCBuildConfiguration;
			buildSettings = {
				ASSETCATALOG_COMPILER_APPICON_NAME = AppIcon;
				CODE_SIGN_STYLE = Automatic;
				CURRENT_PROJECT_VERSION = 2;
				DEVELOPMENT_ASSET_PATHS = "";
				ENABLE_PREVIEWS = YES;
				GENERATE_INFOPLIST_FILE = NO;
				INFOPLIST_FILE = SamposhiFarm/Info.plist;
				LD_RUNPATH_SEARCH_PATHS = (
					"$(inherited)",
					"@executable_path/Frameworks",
				);
				MARKETING_VERSION = 2.2.0;
				PRODUCT_BUNDLE_IDENTIFIER = com.samposhi.farm;
				PRODUCT_NAME = "$(TARGET_NAME)";
				SWIFT_EMIT_LOC_STRINGS = YES;
				SWIFT_VERSION = 5.0;
				TARGETED_DEVICE_FAMILY = "1,2";
			};
			name = Debug;
		};
		AA1000182C8D000100000001 /* Release */ = {
			isa = XCBuildConfiguration;
			buildSettings = {
				ASSETCATALOG_COMPILER_APPICON_NAME = AppIcon;
				CODE_SIGN_STYLE = Automatic;
				CURRENT_PROJECT_VERSION = 2;
				DEVELOPMENT_ASSET_PATHS = "";
				ENABLE_PREVIEWS = YES;
				GENERATE_INFOPLIST_FILE = NO;
				INFOPLIST_FILE = SamposhiFarm/Info.plist;
				LD_RUNPATH_SEARCH_PATHS = (
					"$(inherited)",
					"@executable_path/Frameworks",
				);
				MARKETING_VERSION = 2.2.0;
				PRODUCT_BUNDLE_IDENTIFIER = com.samposhi.farm;
				PRODUCT_NAME = "$(TARGET_NAME)";
				SWIFT_EMIT_LOC_STRINGS = YES;
				SWIFT_VERSION = 5.0;
				TARGETED_DEVICE_FAMILY = "1,2";
			};
			name = Release;
		};
/* End XCBuildConfiguration section */

/* Begin XCConfigurationList section */
		AA1000102C8D000100000001 /* Build configuration list for PBXNativeTarget "SamposhiFarm" */ = {
			isa = XCConfigurationList;
			buildConfigurations = (
				AA1000172C8D000100000001 /* Debug */,
				AA1000182C8D000100000001 /* Release */,
			);
			defaultConfigurationIsVisible = 0;
			defaultConfigurationName = Release;
		};
		AA1000142C8D000100000001 /* Build configuration list for PBXProject "SamposhiFarm" */ = {
			isa = XCConfigurationList;
			buildConfigurations = (
				AA1000152C8D000100000001 /* Debug */,
				AA1000162C8D000100000001 /* Release */,
			);
			defaultConfigurationIsVisible = 0;
			defaultConfigurationName = Release;
		};
/* End XCConfigurationList section */
	};
	rootObject = AA1000132C8D000100000001 /* Project object */;
}
